
Microsoft Visual Studio Solution File, Format Version 12.00
# Visual Studio 15
VisualStudioVersion = 15.0.28307.489
MinimumVisualStudioVersion = 10.0.40219.1
Project("{9A19103F-16F7-4668-BE54-9A1E7A4F7556}") = "AdvertApi", "AdvertApi\AdvertApi.csproj", "{66E06A69-9A3B-42C9-962C-D123CCE161B1}"
EndProject
Project("{9A19103F-16F7-4668-BE54-9A1E7A4F7556}") = "AdvertApi.Models", "AdvertApi.Models\AdvertApi.Models.csproj", "{2357712D-05B8-451A-A318-8D7016626C42}"
EndProject
Global
	GlobalSection(SolutionConfigurationPlatforms) = preSolution
		Debug|Any CPU = Debug|Any CPU
		Release|Any CPU = Release|Any CPU
	EndGlobalSection
	GlobalSection(ProjectConfigurationPlatforms) = postSolution
		{66E06A69-9A3B-42C9-962C-D123CCE161B1}.Debug|Any CPU.ActiveCfg = Debug|Any CPU
		{66E06A69-9A3B-42C9-962C-D123CCE161B1}.Debug|Any CPU.Build.0 = Debug|Any CPU
		{66E06A69-9A3B-42C9-962C-D123CCE161B1}.Release|Any CPU.ActiveCfg = Release|Any CPU
		{66E06A69-9A3B-42C9-962C-D123CCE161B1}.Release|Any CPU.Build.0 = Release|Any CPU
		{2357712D-05B8-451A-A318-8D7016626C42}.Debug|Any CPU.ActiveCfg = Debug|Any CPU
		{2357712D-05B8-451A-A318-8D7016626C42}.Debug|Any CPU.Build.0 = Debug|Any CPU
		{2357712D-05B8-451A-A318-8D7016626C42}.Release|Any CPU.ActiveCfg = Release|Any CPU
		{2357712D-05B8-451A-A318-8D7016626C42}.Release|Any CPU.Build.0 = Release|Any CPU
	EndGlobalSection
	GlobalSection(SolutionProperties) = preSolution
		HideSolutionNode = FALSE
	EndGlobalSection
	GlobalSection(ExtensibilityGlobals) = postSolution
		SolutionGuid = {505C5BDD-A2EF-4A52-AB4A-7B849EC504F7}
	EndGlobalSection
EndGlobal
